
Microsoft Visual Studio Solution File, Format Version 12.00
# Visual Studio Version 16
VisualStudioVersion = 16.0.29905.134
MinimumVisualStudioVersion = 10.0.40219.1
Project("{9A19103F-16F7-4668-BE54-9A1E7A4F7556}") = "Casterr", "Casterr\Casterr.csproj", "{07325ECF-1448-48AD-AFEA-16A6D93CB68E}"
EndProject
Global
	GlobalSection(SolutionConfigurationPlatforms) = preSolution
		Debug|Any CPU = Debug|Any CPU
		Release|Any CPU = Release|Any CPU
	EndGlobalSection
	GlobalSection(ProjectConfigurationPlatforms) = postSolution
		{07325ECF-1448-48AD-AFEA-16A6D93CB68E}.Debug|Any CPU.ActiveCfg = Debug|Any CPU
		{07325ECF-1448-48AD-AFEA-16A6D93CB68E}.Debug|Any CPU.Build.0 = Debug|Any CPU
		{07325ECF-1448-48AD-AFEA-16A6D93CB68E}.Release|Any CPU.ActiveCfg = Release|Any CPU
		{07325ECF-1448-48AD-AFEA-16A6D93CB68E}.Release|Any CPU.Build.0 = Release|Any CPU
	EndGlobalSection
	GlobalSection(SolutionProperties) = preSolution
		HideSolutionNode = FALSE
	EndGlobalSection
	GlobalSection(ExtensibilityGlobals) = postSolution
		SolutionGuid = {F727015A-4FE8-4F6A-8F5F-5F9BF2D8E537}
	EndGlobalSection
EndGlobal
